
Microsoft Visual Studio Solution File, Format Version 12.00
# Visual Studio Version 17
VisualStudioVersion = 17.9.34728.123
MinimumVisualStudioVersion = 10.0.40219.1
Project("{FAE04EC0-301F-11D3-BF4B-00C04F79EFBC}") = "Parallel.ForEach", "Parallel.ForEach\Parallel.ForEach.csproj", "{0D1672D0-21D4-45D9-BBD0-5033F4A7206C}"
EndProject
Global
	GlobalSection(SolutionConfigurationPlatforms) = preSolution
		Debug|Any CPU = Debug|Any CPU
		Release|Any CPU = Release|Any CPU
	EndGlobalSection
	GlobalSection(ProjectConfigurationPlatforms) = postSolution
		{0D1672D0-21D4-45D9-BBD0-5033F4A7206C}.Debug|Any CPU.ActiveCfg = Debug|Any CPU
		{0D1672D0-21D4-45D9-BBD0-5033F4A7206C}.Debug|Any CPU.Build.0 = Debug|Any CPU
		{0D1672D0-21D4-45D9-BBD0-5033F4A7206C}.Release|Any CPU.ActiveCfg = Release|Any CPU
		{0D1672D0-21D4-45D9-BBD0-5033F4A7206C}.Release|Any CPU.Build.0 = Release|Any CPU
	EndGlobalSection
	GlobalSection(SolutionProperties) = preSolution
		HideSolutionNode = FALSE
	EndGlobalSection
	GlobalSection(ExtensibilityGlobals) = postSolution
		SolutionGuid = {41898019-D131-4400-99AD-8F860D8FDDBA}
	EndGlobalSection
EndGlobal
